{
  "requires": true,
  "lockfileVersion": 1,
  "dependencies": {
    "file-saver": {
      "version": "2.0.5",
      "resolved": "https://registry.npmjs.org/file-saver/-/file-saver-2.0.5.tgz",
      "integrity": "sha512-P9bmyZ3h/PRG+Nzga+rbdI4OEpNDzAVyy74uVO9ATgzLK6VtAsYybF/+TOCvrc0MO793d6+42lLyZTw7/ArVzA=="
    },
    "indexeddb-export-import": {
      "version": "2.1.5",
      "resolved": "https://registry.npmjs.org/indexeddb-export-import/-/indexeddb-export-import-2.1.5.tgz",
      "integrity": "sha512-gS6gVzFTDuT+r7KyZ3yrzflC8HfktezxAGyImCpICGX5WemMhBLnGaZMkZ0KYj+9hwVAM3dmXMTYy/NvtKAFlQ=="
    }
  }
}
